
Microsoft Visual Studio Solution File, Format Version 12.00
# Visual Studio 2017
Project("{FAE04EC0-301F-11D3-BF4B-00C04F79EFBC}") = "Spieleentwicklung3D - Kopie - Kopie.Plugins", "Spieleentwicklung3D - Kopie - Kopie.Plugins.csproj", "{91B6ADB9-9B7A-0AF9-C921-D4507397C9D5}"
EndProject
Project("{FAE04EC0-301F-11D3-BF4B-00C04F79EFBC}") = "Spieleentwicklung3D - Kopie - Kopie", "Spieleentwicklung3D - Kopie - Kopie.csproj", "{B5296011-914D-E2EB-BD21-A8EFB369010D}"
EndProject
Project("{FAE04EC0-301F-11D3-BF4B-00C04F79EFBC}") = "Spieleentwicklung3D - Kopie - Kopie.Editor.Plugins", "Spieleentwicklung3D - Kopie - Kopie.Editor.Plugins.csproj", "{C632C878-C0DD-F8BC-9E2B-07A63433508D}"
EndProject
Project("{FAE04EC0-301F-11D3-BF4B-00C04F79EFBC}") = "Unity.PackageManagerUI.Editor", "Unity.PackageManagerUI.Editor.csproj", "{6877705C-FBD9-0C4F-5AFB-6FB431E5D39D}"
EndProject
Project("{FAE04EC0-301F-11D3-BF4B-00C04F79EFBC}") = "UnityEditor.StandardEvents", "UnityEditor.StandardEvents.csproj", "{6800202F-4402-D405-F8CB-03DC7BD78B92}"
EndProject
Global
	GlobalSection(SolutionConfigurationPlatforms) = preSolution
		Debug|Any CPU = Debug|Any CPU
		Release|Any CPU = Release|Any CPU
	EndGlobalSection
	GlobalSection(ProjectConfigurationPlatforms) = postSolution
		{91B6ADB9-9B7A-0AF9-C921-D4507397C9D5}.Debug|Any CPU.ActiveCfg = Debug|Any CPU
		{91B6ADB9-9B7A-0AF9-C921-D4507397C9D5}.Debug|Any CPU.Build.0 = Debug|Any CPU
		{91B6ADB9-9B7A-0AF9-C921-D4507397C9D5}.Release|Any CPU.ActiveCfg = Release|Any CPU
		{91B6ADB9-9B7A-0AF9-C921-D4507397C9D5}.Release|Any CPU.Build.0 = Release|Any CPU
		{B5296011-914D-E2EB-BD21-A8EFB369010D}.Debug|Any CPU.ActiveCfg = Debug|Any CPU
		{B5296011-914D-E2EB-BD21-A8EFB369010D}.Debug|Any CPU.Build.0 = Debug|Any CPU
		{B5296011-914D-E2EB-BD21-A8EFB369010D}.Release|Any CPU.ActiveCfg = Release|Any CPU
		{B5296011-914D-E2EB-BD21-A8EFB369010D}.Release|Any CPU.Build.0 = Release|Any CPU
		{C632C878-C0DD-F8BC-9E2B-07A63433508D}.Debug|Any CPU.ActiveCfg = Debug|Any CPU
		{C632C878-C0DD-F8BC-9E2B-07A63433508D}.Debug|Any CPU.Build.0 = Debug|Any CPU
		{C632C878-C0DD-F8BC-9E2B-07A63433508D}.Release|Any CPU.ActiveCfg = Release|Any CPU
		{C632C878-C0DD-F8BC-9E2B-07A63433508D}.Release|Any CPU.Build.0 = Release|Any CPU
		{6877705C-FBD9-0C4F-5AFB-6FB431E5D39D}.Debug|Any CPU.ActiveCfg = Debug|Any CPU
		{6877705C-FBD9-0C4F-5AFB-6FB431E5D39D}.Debug|Any CPU.Build.0 = Debug|Any CPU
		{6877705C-FBD9-0C4F-5AFB-6FB431E5D39D}.Release|Any CPU.ActiveCfg = Release|Any CPU
		{6877705C-FBD9-0C4F-5AFB-6FB431E5D39D}.Release|Any CPU.Build.0 = Release|Any CPU
		{6800202F-4402-D405-F8CB-03DC7BD78B92}.Debug|Any CPU.ActiveCfg = Debug|Any CPU
		{6800202F-4402-D405-F8CB-03DC7BD78B92}.Debug|Any CPU.Build.0 = Debug|Any CPU
		{6800202F-4402-D405-F8CB-03DC7BD78B92}.Release|Any CPU.ActiveCfg = Release|Any CPU
		{6800202F-4402-D405-F8CB-03DC7BD78B92}.Release|Any CPU.Build.0 = Release|Any CPU
	EndGlobalSection
	GlobalSection(SolutionProperties) = preSolution
		HideSolutionNode = FALSE
	EndGlobalSection
EndGlobal
